
Microsoft Visual Studio Solution File, Format Version 12.00
# Visual Studio Version 16
VisualStudioVersion = 16.0.31410.357
MinimumVisualStudioVersion = 10.0.40219.1
Project("{FAE04EC0-301F-11D3-BF4B-00C04F79EFBC}") = "backend", "backend.csproj", "{AC439980-ABA6-484C-AA9E-CB16E27B0395}"
EndProject
Global
	GlobalSection(SolutionConfigurationPlatforms) = preSolution
		Debug|Any CPU = Debug|Any CPU
		Release|Any CPU = Release|Any CPU
	EndGlobalSection
	GlobalSection(ProjectConfigurationPlatforms) = postSolution
		{AC439980-ABA6-484C-AA9E-CB16E27B0395}.Debug|Any CPU.ActiveCfg = Debug|Any CPU
		{AC439980-ABA6-484C-AA9E-CB16E27B0395}.Debug|Any CPU.Build.0 = Debug|Any CPU
		{AC439980-ABA6-484C-AA9E-CB16E27B0395}.Release|Any CPU.ActiveCfg = Release|Any CPU
		{AC439980-ABA6-484C-AA9E-CB16E27B0395}.Release|Any CPU.Build.0 = Release|Any CPU
	EndGlobalSection
	GlobalSection(SolutionProperties) = preSolution
		HideSolutionNode = FALSE
	EndGlobalSection
	GlobalSection(ExtensibilityGlobals) = postSolution
		SolutionGuid = {17178D27-75EF-4655-80EB-A4A63014B03A}
	EndGlobalSection
EndGlobal
